
Microsoft Visual Studio Solution File, Format Version 12.00
# Visual Studio Version 16
VisualStudioVersion = 16.0.31313.79
MinimumVisualStudioVersion = 10.0.40219.1
Project("{FAE04EC0-301F-11D3-BF4B-00C04F79EFBC}") = "Maximum", "Maximum\Maximum.csproj", "{834A93F6-F556-4C24-9FC1-C064045F196A}"
EndProject
Project("{FAE04EC0-301F-11D3-BF4B-00C04F79EFBC}") = "maximum.Test", "maximum.Test\maximum.Test.csproj", "{70D3F57E-7170-4860-BE88-DEEA81A71A1C}"
EndProject
Global
	GlobalSection(SolutionConfigurationPlatforms) = preSolution
		Debug|Any CPU = Debug|Any CPU
		Release|Any CPU = Release|Any CPU
	EndGlobalSection
	GlobalSection(ProjectConfigurationPlatforms) = postSolution
		{834A93F6-F556-4C24-9FC1-C064045F196A}.Debug|Any CPU.ActiveCfg = Debug|Any CPU
		{834A93F6-F556-4C24-9FC1-C064045F196A}.Debug|Any CPU.Build.0 = Debug|Any CPU
		{834A93F6-F556-4C24-9FC1-C064045F196A}.Release|Any CPU.ActiveCfg = Release|Any CPU
		{834A93F6-F556-4C24-9FC1-C064045F196A}.Release|Any CPU.Build.0 = Release|Any CPU
		{70D3F57E-7170-4860-BE88-DEEA81A71A1C}.Debug|Any CPU.ActiveCfg = Debug|Any CPU
		{70D3F57E-7170-4860-BE88-DEEA81A71A1C}.Debug|Any CPU.Build.0 = Debug|Any CPU
		{70D3F57E-7170-4860-BE88-DEEA81A71A1C}.Release|Any CPU.ActiveCfg = Release|Any CPU
		{70D3F57E-7170-4860-BE88-DEEA81A71A1C}.Release|Any CPU.Build.0 = Release|Any CPU
	EndGlobalSection
	GlobalSection(SolutionProperties) = preSolution
		HideSolutionNode = FALSE
	EndGlobalSection
	GlobalSection(ExtensibilityGlobals) = postSolution
		SolutionGuid = {A98CF4FD-FBA0-4A2B-93D9-F67C1948A96A}
	EndGlobalSection
EndGlobal
